<?xml version="1.0" encoding="utf-8"?>
<Project ToolsVersion="4.0" xmlns="http://schemas.microsoft.com/developer/msbuild/2003">
  <ItemGroup>
    <ClCompile Include="src\ltm.cpp" />
    <ClCompile Include="src\lua.cpp" />
    <ClCompile Include="src\lundump.cpp" />
    <ClCompile Include="src\lutf8lib.cpp" />
    <ClCompile Include="src\lvm.cpp" />
    <ClCompile Include="src\lzio.cpp" />
    <ClCompile Include="src\lapi.cpp" />
    <ClCompile Include="src\lauxlib.cpp" />
    <ClCompile Include="src\lbaselib.cpp" />
    <ClCompile Include="src\lcode.cpp" />
    <ClCompile Include="src\lcorolib.cpp" />
    <ClCompile Include="src\lctype.cpp" />
    <ClCompile Include="src\ldblib.cpp" />
    <ClCompile Include="src\ldebug.cpp" />
    <ClCompile Include="src\ldo.cpp" />
    <ClCompile Include="src\ldump.cpp" />
    <ClCompile Include="src\lfunc.cpp" />
    <ClCompile Include="src\lgc.cpp" />
    <ClCompile Include="src\linit.cpp" />
    <ClCompile Include="src\liolib.cpp" />
    <ClCompile Include="src\llex.cpp" />
    <ClCompile Include="src\lmathlib.cpp" />
    <ClCompile Include="src\lmem.cpp" />
    <ClCompile Include="src\loadlib.cpp" />
    <ClCompile Include="src\lobject.cpp" />
    <ClCompile Include="src\lopcodes.cpp" />
    <ClCompile Include="src\loslib.cpp" />
    <ClCompile Include="src\lparser.cpp" />
    <ClCompile Include="src\lstate.cpp" />
    <ClCompile Include="src\lstring.cpp" />
    <ClCompile Include="src\lstrlib.cpp" />
    <ClCompile Include="src\ltable.cpp" />
    <ClCompile Include="src\ltablib.cpp" />
    <ClCompile Include="src\lcryptolib.cpp" />
    <ClCompile Include="src\lbase64.cpp" />
    <ClCompile Include="src\lbase32.cpp" />
    <ClCompile Include="src\ljson.cpp" />
    <ClCompile Include="src\luac.cpp" />
    <ClCompile Include="src\lassertlib.cpp" />
    <ClCompile Include="src\lvector3lib.cpp" />
    <ClCompile Include="src\vendor\Soup\soup\base32.cpp">
      <Filter>vendor\Soup\soup</Filter>
    </ClCompile>
    <ClCompile Include="src\vendor\Soup\soup\base64.cpp">
      <Filter>vendor\Soup\soup</Filter>
    </ClCompile>
    <ClCompile Include="src\vendor\Soup\soup\json.cpp">
      <Filter>vendor\Soup\soup</Filter>
    </ClCompile>
    <ClCompile Include="src\vendor\Soup\soup\JsonArray.cpp">
      <Filter>vendor\Soup\soup</Filter>
    </ClCompile>
    <ClCompile Include="src\vendor\Soup\soup\JsonBool.cpp">
      <Filter>vendor\Soup\soup</Filter>
    </ClCompile>
    <ClCompile Include="src\vendor\Soup\soup\JsonFloat.cpp">
      <Filter>vendor\Soup\soup</Filter>
    </ClCompile>
    <ClCompile Include="src\vendor\Soup\soup\JsonInt.cpp">
      <Filter>vendor\Soup\soup</Filter>
    </ClCompile>
    <ClCompile Include="src\vendor\Soup\soup\JsonNode.cpp">
      <Filter>vendor\Soup\soup</Filter>
    </ClCompile>
    <ClCompile Include="src\vendor\Soup\soup\JsonNull.cpp">
      <Filter>vendor\Soup\soup</Filter>
    </ClCompile>
    <ClCompile Include="src\vendor\Soup\soup\JsonObject.cpp">
      <Filter>vendor\Soup\soup</Filter>
    </ClCompile>
    <ClCompile Include="src\vendor\Soup\soup\JsonString.cpp">
      <Filter>vendor\Soup\soup</Filter>
    </ClCompile>
    <ClCompile Include="src\vendor\Soup\soup\sha256.cpp">
      <Filter>vendor\Soup\soup</Filter>
    </ClCompile>
    <ClCompile Include="src\vendor\Soup\soup\spaceship.cpp">
      <Filter>vendor\Soup\soup</Filter>
    </ClCompile>
    <ClCompile Include="src\vendor\Soup\soup\unicode.cpp">
      <Filter>vendor\Soup\soup</Filter>
    </ClCompile>
    <ClCompile Include="src\vendor\Soup\soup\urlenc.cpp">
      <Filter>vendor\Soup\soup</Filter>
    </ClCompile>
    <ClCompile Include="src\vendor\Soup\soup\version_compare.cpp">
      <Filter>vendor\Soup\soup</Filter>
    </ClCompile>
    <ClCompile Include="src\vendor\Soup\soup\CpuInfo.cpp">
      <Filter>vendor\Soup\soup</Filter>
    </ClCompile>
    <ClCompile Include="src\vendor\Soup\Intrin\sha256_transform_intrin.cpp">
      <Filter>vendor\Soup\Intrin</Filter>
    </ClCompile>
    <ClCompile Include="src\vendor\Soup\soup\base.cpp">
      <Filter>vendor\Soup\soup</Filter>
    </ClCompile>
    <ClCompile Include="src\lurllib.cpp" />
    <ClCompile Include="src\vendor\Soup\soup\sha1.cpp">
      <Filter>vendor\Soup\soup</Filter>
    </ClCompile>
    <ClCompile Include="src\vendor\Soup\Intrin\sha1_transform_intrin.cpp">
      <Filter>vendor\Soup\Intrin</Filter>
    </ClCompile>
    <ClCompile Include="src\lstarlib.cpp" />
    <ClCompile Include="src\lcatlib.cpp" />
    <ClCompile Include="src\vendor\Soup\soup\cat.cpp">
      <Filter>vendor\Soup\soup</Filter>
    </ClCompile>
  </ItemGroup>
  <ItemGroup>
    <ClInclude Include="src\ltm.h" />
    <ClInclude Include="src\lua.h" />
    <ClInclude Include="src\lua.hpp" />
    <ClInclude Include="src\luaconf.h" />
    <ClInclude Include="src\lualib.h" />
    <ClInclude Include="src\lundump.h" />
    <ClInclude Include="src\lvm.h" />
    <ClInclude Include="src\lzio.h" />
    <ClInclude Include="src\lapi.h" />
    <ClInclude Include="src\lauxlib.h" />
    <ClInclude Include="src\lcode.h" />
    <ClInclude Include="src\lctype.h" />
    <ClInclude Include="src\ldebug.h" />
    <ClInclude Include="src\ldo.h" />
    <ClInclude Include="src\lfunc.h" />
    <ClInclude Include="src\lgc.h" />
    <ClInclude Include="src\ljumptabgcc.h" />
    <ClInclude Include="src\llex.h" />
    <ClInclude Include="src\llimits.h" />
    <ClInclude Include="src\lmem.h" />
    <ClInclude Include="src\lobject.h" />
    <ClInclude Include="src\lopcodes.h" />
    <ClInclude Include="src\lopnames.h" />
    <ClInclude Include="src\lparser.h" />
    <ClInclude Include="src\lprefix.h" />
    <ClInclude Include="src\lstate.h" />
    <ClInclude Include="src\lstring.h" />
    <ClInclude Include="src\ltable.h" />
    <ClInclude Include="src\ljumptab.h" />
    <ClInclude Include="src\lcryptolib.hpp" />
    <ClInclude Include="src\lerrormessage.hpp" />
    <ClInclude Include="src\ljson.hpp" />
    <ClInclude Include="src\lsuggestions.hpp" />
    <ClInclude Include="src\vendor\Soup\soup\base.hpp">
      <Filter>vendor\Soup\soup</Filter>
    </ClInclude>
    <ClInclude Include="src\vendor\Soup\soup\base32.hpp">
      <Filter>vendor\Soup\soup</Filter>
    </ClInclude>
    <ClInclude Include="src\vendor\Soup\soup\base64.hpp">
      <Filter>vendor\Soup\soup</Filter>
    </ClInclude>
    <ClInclude Include="src\vendor\Soup\soup\bitutil.hpp">
      <Filter>vendor\Soup\soup</Filter>
    </ClInclude>
    <ClInclude Include="src\vendor\Soup\soup\CryptoHashAlgo.hpp">
      <Filter>vendor\Soup\soup</Filter>
    </ClInclude>
    <ClInclude Include="src\vendor\Soup\soup\Endian.hpp">
      <Filter>vendor\Soup\soup</Filter>
    </ClInclude>
    <ClInclude Include="src\vendor\Soup\soup\Exception.hpp">
      <Filter>vendor\Soup\soup</Filter>
    </ClInclude>
    <ClInclude Include="src\vendor\Soup\soup\fwd.hpp">
      <Filter>vendor\Soup\soup</Filter>
    </ClInclude>
    <ClInclude Include="src\vendor\Soup\soup\IntStruct.hpp">
      <Filter>vendor\Soup\soup</Filter>
    </ClInclude>
    <ClInclude Include="src\vendor\Soup\soup\ioBase.hpp">
      <Filter>vendor\Soup\soup</Filter>
    </ClInclude>
    <ClInclude Include="src\vendor\Soup\soup\ioSeekableReader.hpp">
      <Filter>vendor\Soup\soup</Filter>
    </ClInclude>
    <ClInclude Include="src\vendor\Soup\soup\json.hpp">
      <Filter>vendor\Soup\soup</Filter>
    </ClInclude>
    <ClInclude Include="src\vendor\Soup\soup\JsonArray.hpp">
      <Filter>vendor\Soup\soup</Filter>
    </ClInclude>
    <ClInclude Include="src\vendor\Soup\soup\JsonBool.hpp">
      <Filter>vendor\Soup\soup</Filter>
    </ClInclude>
    <ClInclude Include="src\vendor\Soup\soup\JsonFloat.hpp">
      <Filter>vendor\Soup\soup</Filter>
    </ClInclude>
    <ClInclude Include="src\vendor\Soup\soup\JsonInt.hpp">
      <Filter>vendor\Soup\soup</Filter>
    </ClInclude>
    <ClInclude Include="src\vendor\Soup\soup\JsonNode.hpp">
      <Filter>vendor\Soup\soup</Filter>
    </ClInclude>
    <ClInclude Include="src\vendor\Soup\soup\JsonNodeType.hpp">
      <Filter>vendor\Soup\soup</Filter>
    </ClInclude>
    <ClInclude Include="src\vendor\Soup\soup\JsonNull.hpp">
      <Filter>vendor\Soup\soup</Filter>
    </ClInclude>
    <ClInclude Include="src\vendor\Soup\soup\JsonObject.hpp">
      <Filter>vendor\Soup\soup</Filter>
    </ClInclude>
    <ClInclude Include="src\vendor\Soup\soup\JsonString.hpp">
      <Filter>vendor\Soup\soup</Filter>
    </ClInclude>
    <ClInclude Include="src\vendor\Soup\soup\Optional.hpp">
      <Filter>vendor\Soup\soup</Filter>
    </ClInclude>
    <ClInclude Include="src\vendor\Soup\soup\Reader.hpp">
      <Filter>vendor\Soup\soup</Filter>
    </ClInclude>
    <ClInclude Include="src\vendor\Soup\soup\sha256.hpp">
      <Filter>vendor\Soup\soup</Filter>
    </ClInclude>
    <ClInclude Include="src\vendor\Soup\soup\spaceship.hpp">
      <Filter>vendor\Soup\soup</Filter>
    </ClInclude>
    <ClInclude Include="src\vendor\Soup\soup\string.hpp">
      <Filter>vendor\Soup\soup</Filter>
    </ClInclude>
    <ClInclude Include="src\vendor\Soup\soup\StringRefReader.hpp">
      <Filter>vendor\Soup\soup</Filter>
    </ClInclude>
    <ClInclude Include="src\vendor\Soup\soup\TreeNode.hpp">
      <Filter>vendor\Soup\soup</Filter>
    </ClInclude>
    <ClInclude Include="src\vendor\Soup\soup\type_traits.hpp">
      <Filter>vendor\Soup\soup</Filter>
    </ClInclude>
    <ClInclude Include="src\vendor\Soup\soup\unicode.hpp">
      <Filter>vendor\Soup\soup</Filter>
    </ClInclude>
    <ClInclude Include="src\vendor\Soup\soup\UniquePtr.hpp">
      <Filter>vendor\Soup\soup</Filter>
    </ClInclude>
    <ClInclude Include="src\vendor\Soup\soup\urlenc.hpp">
      <Filter>vendor\Soup\soup</Filter>
    </ClInclude>
    <ClInclude Include="src\vendor\Soup\soup\version_compare.hpp">
      <Filter>vendor\Soup\soup</Filter>
    </ClInclude>
    <ClInclude Include="src\vendor\Soup\soup\Writer.hpp">
      <Filter>vendor\Soup\soup</Filter>
    </ClInclude>
    <ClInclude Include="src\vendor\Soup\soup\CpuInfo.hpp">
      <Filter>vendor\Soup\soup</Filter>
    </ClInclude>
    <ClInclude Include="src\vendor\Soup\soup\ShortString.hpp">
      <Filter>vendor\Soup\soup</Filter>
    </ClInclude>
    <ClInclude Include="src\vendor\Soup\soup\sha1.hpp">
      <Filter>vendor\Soup\soup</Filter>
    </ClInclude>
    <ClInclude Include="src\vendor\Soup\soup\cat.hpp">
      <Filter>vendor\Soup\soup</Filter>
    </ClInclude>
  </ItemGroup>
  <ItemGroup>
    <Filter Include="vendor">
      <UniqueIdentifier>{b2f263e7-2d39-4d0c-8a19-3f3d2ef15195}</UniqueIdentifier>
    </Filter>
    <Filter Include="vendor\Soup">
      <UniqueIdentifier>{af4e4be1-d5f9-493f-b6ba-02d33b8dc9a7}</UniqueIdentifier>
    </Filter>
    <Filter Include="vendor\Soup\soup">
      <UniqueIdentifier>{713ac335-27c4-4677-9da1-08c37c023a77}</UniqueIdentifier>
    </Filter>
    <Filter Include="vendor\Soup\Intrin">
      <UniqueIdentifier>{f0adda43-f311-40e5-b4ec-284f248bad46}</UniqueIdentifier>
    </Filter>
  </ItemGroup>
</Project>