
Microsoft Visual Studio Solution File, Format Version 12.00
# Visual Studio Version 17
VisualStudioVersion = 17.1.32328.378
MinimumVisualStudioVersion = 10.0.40219.1
Project("{8BC9CEB8-8B4A-11D0-8D11-00A0C91BC942}") = "Pluto", "Pluto.vcxproj", "{9E471705-98E3-4DF5-855C-E624805A9FEB}"
EndProject
Global
	GlobalSection(SolutionConfigurationPlatforms) = preSolution
		dll|ARM64 = dll|ARM64
		dll|x64 = dll|x64
		dll|x86 = dll|x86
		pluto|ARM64 = pluto|ARM64
		pluto|x64 = pluto|x64
		pluto|x86 = pluto|x86
		plutoc|ARM64 = plutoc|ARM64
		plutoc|x64 = plutoc|x64
		plutoc|x86 = plutoc|x86
		static lib (LTO)|ARM64 = static lib (LTO)|ARM64
		static lib (LTO)|x64 = static lib (LTO)|x64
		static lib (LTO)|x86 = static lib (LTO)|x86
		static lib|ARM64 = static lib|ARM64
		static lib|x64 = static lib|x64
		static lib|x86 = static lib|x86
	EndGlobalSection
	GlobalSection(ProjectConfigurationPlatforms) = postSolution
		{9E471705-98E3-4DF5-855C-E624805A9FEB}.dll|ARM64.ActiveCfg = dll|ARM64
		{9E471705-98E3-4DF5-855C-E624805A9FEB}.dll|ARM64.Build.0 = dll|ARM64
		{9E471705-98E3-4DF5-855C-E624805A9FEB}.dll|x64.ActiveCfg = dll|x64
		{9E471705-98E3-4DF5-855C-E624805A9FEB}.dll|x64.Build.0 = dll|x64
		{9E471705-98E3-4DF5-855C-E624805A9FEB}.dll|x86.ActiveCfg = dll|Win32
		{9E471705-98E3-4DF5-855C-E624805A9FEB}.dll|x86.Build.0 = dll|Win32
		{9E471705-98E3-4DF5-855C-E624805A9FEB}.pluto|ARM64.ActiveCfg = pluto|ARM64
		{9E471705-98E3-4DF5-855C-E624805A9FEB}.pluto|ARM64.Build.0 = pluto|ARM64
		{9E471705-98E3-4DF5-855C-E624805A9FEB}.pluto|x64.ActiveCfg = pluto|x64
		{9E471705-98E3-4DF5-855C-E624805A9FEB}.pluto|x64.Build.0 = pluto|x64
		{9E471705-98E3-4DF5-855C-E624805A9FEB}.pluto|x86.ActiveCfg = pluto|Win32
		{9E471705-98E3-4DF5-855C-E624805A9FEB}.pluto|x86.Build.0 = pluto|Win32
		{9E471705-98E3-4DF5-855C-E624805A9FEB}.plutoc|ARM64.ActiveCfg = plutoc|ARM64
		{9E471705-98E3-4DF5-855C-E624805A9FEB}.plutoc|ARM64.Build.0 = plutoc|ARM64
		{9E471705-98E3-4DF5-855C-E624805A9FEB}.plutoc|x64.ActiveCfg = plutoc|x64
		{9E471705-98E3-4DF5-855C-E624805A9FEB}.plutoc|x64.Build.0 = plutoc|x64
		{9E471705-98E3-4DF5-855C-E624805A9FEB}.plutoc|x86.ActiveCfg = plutoc|Win32
		{9E471705-98E3-4DF5-855C-E624805A9FEB}.plutoc|x86.Build.0 = plutoc|Win32
		{9E471705-98E3-4DF5-855C-E624805A9FEB}.static lib (LTO)|ARM64.ActiveCfg = static lib (LTO)|ARM64
		{9E471705-98E3-4DF5-855C-E624805A9FEB}.static lib (LTO)|ARM64.Build.0 = static lib (LTO)|ARM64
		{9E471705-98E3-4DF5-855C-E624805A9FEB}.static lib (LTO)|x64.ActiveCfg = static lib (LTO)|x64
		{9E471705-98E3-4DF5-855C-E624805A9FEB}.static lib (LTO)|x64.Build.0 = static lib (LTO)|x64
		{9E471705-98E3-4DF5-855C-E624805A9FEB}.static lib (LTO)|x86.ActiveCfg = static lib (LTO)|Win32
		{9E471705-98E3-4DF5-855C-E624805A9FEB}.static lib (LTO)|x86.Build.0 = static lib (LTO)|Win32
		{9E471705-98E3-4DF5-855C-E624805A9FEB}.static lib|ARM64.ActiveCfg = static lib|ARM64
		{9E471705-98E3-4DF5-855C-E624805A9FEB}.static lib|ARM64.Build.0 = static lib|ARM64
		{9E471705-98E3-4DF5-855C-E624805A9FEB}.static lib|x64.ActiveCfg = static lib|x64
		{9E471705-98E3-4DF5-855C-E624805A9FEB}.static lib|x64.Build.0 = static lib|x64
		{9E471705-98E3-4DF5-855C-E624805A9FEB}.static lib|x86.ActiveCfg = static lib|Win32
		{9E471705-98E3-4DF5-855C-E624805A9FEB}.static lib|x86.Build.0 = static lib|Win32
	EndGlobalSection
	GlobalSection(SolutionProperties) = preSolution
		HideSolutionNode = FALSE
	EndGlobalSection
	GlobalSection(ExtensibilityGlobals) = postSolution
		SolutionGuid = {614672F8-E304-4F9F-ABBC-963DA3A8C5C9}
	EndGlobalSection
EndGlobal
